
Microsoft Visual Studio Solution File, Format Version 12.00
# Visual Studio Version 17
VisualStudioVersion = 17.0.31903.59
MinimumVisualStudioVersion = 10.0.40219.1
Project("{FAE04EC0-301F-11D3-BF4B-00C04F79EFBC}") = "Задание 5.5", "Задание 5.5\Задание 5.5.csproj", "{201143A2-32AD-4222-8E1A-FBD5A56F28E1}"
EndProject
Global
	GlobalSection(SolutionConfigurationPlatforms) = preSolution
		Debug|Any CPU = Debug|Any CPU
		Release|Any CPU = Release|Any CPU
	EndGlobalSection
	GlobalSection(ProjectConfigurationPlatforms) = postSolution
		{201143A2-32AD-4222-8E1A-FBD5A56F28E1}.Debug|Any CPU.ActiveCfg = Debug|Any CPU
		{201143A2-32AD-4222-8E1A-FBD5A56F28E1}.Debug|Any CPU.Build.0 = Debug|Any CPU
		{201143A2-32AD-4222-8E1A-FBD5A56F28E1}.Release|Any CPU.ActiveCfg = Release|Any CPU
		{201143A2-32AD-4222-8E1A-FBD5A56F28E1}.Release|Any CPU.Build.0 = Release|Any CPU
	EndGlobalSection
	GlobalSection(SolutionProperties) = preSolution
		HideSolutionNode = FALSE
	EndGlobalSection
	GlobalSection(ExtensibilityGlobals) = postSolution
		SolutionGuid = {E8D1D917-E8CE-4AC0-89B7-16490681B801}
	EndGlobalSection
EndGlobal
